// !$*UTF8*$!
{
	archiveVersion = 1;
	classes = {
	};
	objectVersion = 51;
	objects = {

/* Begin PBXBuildFile section */
		1C92146622D3FA77006EC594 /* AppDelegate.m in Sources */ = {isa = PBXBuildFile; fileRef = 1C92146522D3FA77006EC594 /* AppDelegate.m */; };
		1C92146C22D3FA77006EC594 /* Main.storyboard in Resources */ = {isa = PBXBuildFile; fileRef = 1C92146A22D3FA77006EC594 /* Main.storyboard */; };
		1C92146E22D3FA78006EC594 /* Assets.xcassets in Resources */ = {isa = PBXBuildFile; fileRef = 1C92146D22D3FA78006EC594 /* Assets.xcassets */; };
		1C92147122D3FA78006EC594 /* LaunchScreen.storyboard in Resources */ = {isa = PBXBuildFile; fileRef = 1C92146F22D3FA78006EC594 /* LaunchScreen.storyboard */; };
		1C92147422D3FA78006EC594 /* main.m in Sources */ = {isa = PBXBuildFile; fileRef = 1C92147322D3FA78006EC594 /* main.m */; };
		1C92147E22D3FA78006EC594 /* InstagramTests.m in Sources */ = {isa = PBXBuildFile; fileRef = 1C92147D22D3FA78006EC594 /* InstagramTests.m */; };
		1C92148922D3FA78006EC594 /* InstagramUITests.m in Sources */ = {isa = PBXBuildFile; fileRef = 1C92148822D3FA78006EC594 /* InstagramUITests.m */; };
		1C92149822D407AB006EC594 /* LoginViewController.m in Sources */ = {isa = PBXBuildFile; fileRef = 1C92149722D407AB006EC594 /* LoginViewController.m */; };
		1C92149C22D41202006EC594 /* SignUpViewController.m in Sources */ = {isa = PBXBuildFile; fileRef = 1C92149B22D41202006EC594 /* SignUpViewController.m */; };
		1C9214A322D415B0006EC594 /* TimelineViewController.m in Sources */ = {isa = PBXBuildFile; fileRef = 1C9214A222D415B0006EC594 /* TimelineViewController.m */; };
		1C9214A622D52508006EC594 /* CameraViewController.m in Sources */ = {isa = PBXBuildFile; fileRef = 1C9214A522D52508006EC594 /* CameraViewController.m */; };
		1C9214A922D53B97006EC594 /* Post.m in Sources */ = {isa = PBXBuildFile; fileRef = 1C9214A822D53B97006EC594 /* Post.m */; };
		1C9214AC22D54603006EC594 /* PostCell.m in Sources */ = {isa = PBXBuildFile; fileRef = 1C9214AB22D54603006EC594 /* PostCell.m */; };
		1C9214AF22D54D97006EC594 /* DetailsViewController.m in Sources */ = {isa = PBXBuildFile; fileRef = 1C9214AE22D54D97006EC594 /* DetailsViewController.m */; };
		1C9214B422D5635D006EC594 /* Billabong.ttf in Resources */ = {isa = PBXBuildFile; fileRef = 1C9214B322D5635D006EC594 /* Billabong.ttf */; };
		1C9214F822D65DA4006EC594 /* ProfileViewController.m in Sources */ = {isa = PBXBuildFile; fileRef = 1C9214F722D65DA4006EC594 /* ProfileViewController.m */; };
		1C9214FB22D677D9006EC594 /* InfiniteScrollActivityView.m in Sources */ = {isa = PBXBuildFile; fileRef = 1C9214FA22D677D9006EC594 /* InfiniteScrollActivityView.m */; };
		1C9214FE22D6A2E3006EC594 /* PostCollectionViewCell.m in Sources */ = {isa = PBXBuildFile; fileRef = 1C9214FD22D6A2E3006EC594 /* PostCollectionViewCell.m */; };
		1C92150422D6B4C8006EC594 /* EditViewController.m in Sources */ = {isa = PBXBuildFile; fileRef = 1C92150322D6B4C8006EC594 /* EditViewController.m */; };
		1C92150722D7DE07006EC594 /* CommentViewController.m in Sources */ = {isa = PBXBuildFile; fileRef = 1C92150622D7DE07006EC594 /* CommentViewController.m */; };
		1C92150A22D7E21C006EC594 /* CommentCell.m in Sources */ = {isa = PBXBuildFile; fileRef = 1C92150922D7E21C006EC594 /* CommentCell.m */; };
		25FCF9C6AC2D8B4DBE89FE03 /* Pods_InstagramUITests.framework in Frameworks */ = {isa = PBXBuildFile; fileRef = 8A799D411BD1EC099120E341 /* Pods_InstagramUITests.framework */; };
		CC682C658F578DC121A5456D /* Pods_Instagram.framework in Frameworks */ = {isa = PBXBuildFile; fileRef = 225817611252D9D8005CD6EA /* Pods_Instagram.framework */; };
		F6CA717D3603C43B72525C05 /* Pods_InstagramTests.framework in Frameworks */ = {isa = PBXBuildFile; fileRef = 29259E13FD60EB3B79552962 /* Pods_InstagramTests.framework */; };
/* End PBXBuildFile section */

/* Begin PBXContainerItemProxy section */
		1C92147A22D3FA78006EC594 /* PBXContainerItemProxy */ = {
			isa = PBXContainerItemProxy;
			containerPortal = 1C92145922D3FA77006EC594 /* Project object */;
			proxyType = 1;
			remoteGlobalIDString = 1C92146022D3FA77006EC594;
			remoteInfo = Instagram;
		};
		1C92148522D3FA78006EC594 /* PBXContainerItemProxy */ = {
			isa = PBXContainerItemProxy;
			containerPortal = 1C92145922D3FA77006EC594 /* Project object */;
			proxyType = 1;
			remoteGlobalIDString = 1C92146022D3FA77006EC594;
			remoteInfo = Instagram;
		};
/* End PBXContainerItemProxy section */

/* Begin PBXFileReference section */
		1737B73F0665428E14F1E2E4 /* Pods-Instagram.debug.xcconfig */ = {isa = PBXFileReference; includeInIndex = 1; lastKnownFileType = text.xcconfig; name = "Pods-Instagram.debug.xcconfig"; path = "Target Support Files/Pods-Instagram/Pods-Instagram.debug.xcconfig"; sourceTree = "<group>"; };
		1C92146122D3FA77006EC594 /* Instagram.app */ = {isa = PBXFileReference; explicitFileType = wrapper.application; includeInIndex = 0; path = Instagram.app; sourceTree = BUILT_PRODUCTS_DIR; };
		1C92146422D3FA77006EC594 /* AppDelegate.h */ = {isa = PBXFileReference; lastKnownFileType = sourcecode.c.h; path = AppDelegate.h; sourceTree = "<group>"; };
		1C92146522D3FA77006EC594 /* AppDelegate.m */ = {isa = PBXFileReference; lastKnownFileType = sourcecode.c.objc; path = AppDelegate.m; sourceTree = "<group>"; };
		1C92146B22D3FA77006EC594 /* Base */ = {isa = PBXFileReference; lastKnownFileType = file.storyboard; name = Base; path = Base.lproj/Main.storyboard; sourceTree = "<group>"; };
		1C92146D22D3FA78006EC594 /* Assets.xcassets */ = {isa = PBXFileReference; lastKnownFileType = folder.assetcatalog; path = Assets.xcassets; sourceTree = "<group>"; };
		1C92147022D3FA78006EC594 /* Base */ = {isa = PBXFileReference; lastKnownFileType = file.storyboard; name = Base; path = Base.lproj/LaunchScreen.storyboard; sourceTree = "<group>"; };
		1C92147222D3FA78006EC594 /* Info.plist */ = {isa = PBXFileReference; lastKnownFileType = text.plist.xml; path = Info.plist; sourceTree = "<group>"; };
		1C92147322D3FA78006EC594 /* main.m */ = {isa = PBXFileReference; lastKnownFileType = sourcecode.c.objc; path = main.m; sourceTree = "<group>"; };
		1C92147922D3FA78006EC594 /* InstagramTests.xctest */ = {isa = PBXFileReference; explicitFileType = wrapper.cfbundle; includeInIndex = 0; path = InstagramTests.xctest; sourceTree = BUILT_PRODUCTS_DIR; };
		1C92147D22D3FA78006EC594 /* InstagramTests.m */ = {isa = PBXFileReference; lastKnownFileType = sourcecode.c.objc; path = InstagramTests.m; sourceTree = "<group>"; };
		1C92147F22D3FA78006EC594 /* Info.plist */ = {isa = PBXFileReference; lastKnownFileType = text.plist.xml; path = Info.plist; sourceTree = "<group>"; };
		1C92148422D3FA78006EC594 /* InstagramUITests.xctest */ = {isa = PBXFileReference; explicitFileType = wrapper.cfbundle; includeInIndex = 0; path = InstagramUITests.xctest; sourceTree = BUILT_PRODUCTS_DIR; };
		1C92148822D3FA78006EC594 /* InstagramUITests.m */ = {isa = PBXFileReference; lastKnownFileType = sourcecode.c.objc; path = InstagramUITests.m; sourceTree = "<group>"; };
		1C92148A22D3FA78006EC594 /* Info.plist */ = {isa = PBXFileReference; lastKnownFileType = text.plist.xml; path = Info.plist; sourceTree = "<group>"; };
		1C92149622D407AB006EC594 /* LoginViewController.h */ = {isa = PBXFileReference; lastKnownFileType = sourcecode.c.h; path = LoginViewController.h; sourceTree = "<group>"; };
		1C92149722D407AB006EC594 /* LoginViewController.m */ = {isa = PBXFileReference; lastKnownFileType = sourcecode.c.objc; path = LoginViewController.m; sourceTree = "<group>"; };
		1C92149A22D41202006EC594 /* SignUpViewController.h */ = {isa = PBXFileReference; lastKnownFileType = sourcecode.c.h; path = SignUpViewController.h; sourceTree = "<group>"; };
		1C92149B22D41202006EC594 /* SignUpViewController.m */ = {isa = PBXFileReference; lastKnownFileType = sourcecode.c.objc; path = SignUpViewController.m; sourceTree = "<group>"; };
		1C9214A122D415B0006EC594 /* TimelineViewController.h */ = {isa = PBXFileReference; lastKnownFileType = sourcecode.c.h; path = TimelineViewController.h; sourceTree = "<group>"; };
		1C9214A222D415B0006EC594 /* TimelineViewController.m */ = {isa = PBXFileReference; lastKnownFileType = sourcecode.c.objc; path = TimelineViewController.m; sourceTree = "<group>"; };
		1C9214A422D52508006EC594 /* CameraViewController.h */ = {isa = PBXFileReference; lastKnownFileType = sourcecode.c.h; path = CameraViewController.h; sourceTree = "<group>"; };
		1C9214A522D52508006EC594 /* CameraViewController.m */ = {isa = PBXFileReference; lastKnownFileType = sourcecode.c.objc; path = CameraViewController.m; sourceTree = "<group>"; };
		1C9214A722D53B97006EC594 /* Post.h */ = {isa = PBXFileReference; lastKnownFileType = sourcecode.c.h; path = Post.h; sourceTree = "<group>"; };
		1C9214A822D53B97006EC594 /* Post.m */ = {isa = PBXFileReference; lastKnownFileType = sourcecode.c.objc; path = Post.m; sourceTree = "<group>"; };
		1C9214AA22D54603006EC594 /* PostCell.h */ = {isa = PBXFileReference; lastKnownFileType = sourcecode.c.h; path = PostCell.h; sourceTree = "<group>"; };
		1C9214AB22D54603006EC594 /* PostCell.m */ = {isa = PBXFileReference; lastKnownFileType = sourcecode.c.objc; path = PostCell.m; sourceTree = "<group>"; };
		1C9214AD22D54D97006EC594 /* DetailsViewController.h */ = {isa = PBXFileReference; lastKnownFileType = sourcecode.c.h; path = DetailsViewController.h; sourceTree = "<group>"; };
		1C9214AE22D54D97006EC594 /* DetailsViewController.m */ = {isa = PBXFileReference; lastKnownFileType = sourcecode.c.objc; path = DetailsViewController.m; sourceTree = "<group>"; };
		1C9214B322D5635D006EC594 /* Billabong.ttf */ = {isa = PBXFileReference; lastKnownFileType = file; name = Billabong.ttf; path = ../../../../Downloads/Billabong.ttf; sourceTree = "<group>"; };
		1C9214F622D65DA4006EC594 /* ProfileViewController.h */ = {isa = PBXFileReference; lastKnownFileType = sourcecode.c.h; path = ProfileViewController.h; sourceTree = "<group>"; };
		1C9214F722D65DA4006EC594 /* ProfileViewController.m */ = {isa = PBXFileReference; lastKnownFileType = sourcecode.c.objc; path = ProfileViewController.m; sourceTree = "<group>"; };
		1C9214F922D677D9006EC594 /* InfiniteScrollActivityView.h */ = {isa = PBXFileReference; lastKnownFileType = sourcecode.c.h; path = InfiniteScrollActivityView.h; sourceTree = "<group>"; };
		1C9214FA22D677D9006EC594 /* InfiniteScrollActivityView.m */ = {isa = PBXFileReference; lastKnownFileType = sourcecode.c.objc; path = InfiniteScrollActivityView.m; sourceTree = "<group>"; };
		1C9214FC22D6A2E3006EC594 /* PostCollectionViewCell.h */ = {isa = PBXFileReference; lastKnownFileType = sourcecode.c.h; path = PostCollectionViewCell.h; sourceTree = "<group>"; };
		1C9214FD22D6A2E3006EC594 /* PostCollectionViewCell.m */ = {isa = PBXFileReference; lastKnownFileType = sourcecode.c.objc; path = PostCollectionViewCell.m; sourceTree = "<group>"; };
		1C92150222D6B4C8006EC594 /* EditViewController.h */ = {isa = PBXFileReference; lastKnownFileType = sourcecode.c.h; path = EditViewController.h; sourceTree = "<group>"; };
		1C92150322D6B4C8006EC594 /* EditViewController.m */ = {isa = PBXFileReference; lastKnownFileType = sourcecode.c.objc; path = EditViewController.m; sourceTree = "<group>"; };
		1C92150522D7DE07006EC594 /* CommentViewController.h */ = {isa = PBXFileReference; lastKnownFileType = sourcecode.c.h; path = CommentViewController.h; sourceTree = "<group>"; };
		1C92150622D7DE07006EC594 /* CommentViewController.m */ = {isa = PBXFileReference; lastKnownFileType = sourcecode.c.objc; path = CommentViewController.m; sourceTree = "<group>"; };
		1C92150822D7E21C006EC594 /* CommentCell.h */ = {isa = PBXFileReference; lastKnownFileType = sourcecode.c.h; path = CommentCell.h; sourceTree = "<group>"; };
		1C92150922D7E21C006EC594 /* CommentCell.m */ = {isa = PBXFileReference; lastKnownFileType = sourcecode.c.objc; path = CommentCell.m; sourceTree = "<group>"; };
		225817611252D9D8005CD6EA /* Pods_Instagram.framework */ = {isa = PBXFileReference; explicitFileType = wrapper.framework; includeInIndex = 0; path = Pods_Instagram.framework; sourceTree = BUILT_PRODUCTS_DIR; };
		29259E13FD60EB3B79552962 /* Pods_InstagramTests.framework */ = {isa = PBXFileReference; explicitFileType = wrapper.framework; includeInIndex = 0; path = Pods_InstagramTests.framework; sourceTree = BUILT_PRODUCTS_DIR; };
		66C25F970E5F1492CD631839 /* Pods-Instagram.release.xcconfig */ = {isa = PBXFileReference; includeInIndex = 1; lastKnownFileType = text.xcconfig; name = "Pods-Instagram.release.xcconfig"; path = "Target Support Files/Pods-Instagram/Pods-Instagram.release.xcconfig"; sourceTree = "<group>"; };
		8A799D411BD1EC099120E341 /* Pods_InstagramUITests.framework */ = {isa = PBXFileReference; explicitFileType = wrapper.framework; includeInIndex = 0; path = Pods_InstagramUITests.framework; sourceTree = BUILT_PRODUCTS_DIR; };
		D5AC1C53690E959EFACA0B27 /* Pods-InstagramTests.debug.xcconfig */ = {isa = PBXFileReference; includeInIndex = 1; lastKnownFileType = text.xcconfig; name = "Pods-InstagramTests.debug.xcconfig"; path = "Target Support Files/Pods-InstagramTests/Pods-InstagramTests.debug.xcconfig"; sourceTree = "<group>"; };
		D86C8638AFA0E8144F6D2B83 /* Pods-InstagramUITests.release.xcconfig */ = {isa = PBXFileReference; includeInIndex = 1; lastKnownFileType = text.xcconfig; name = "Pods-InstagramUITests.release.xcconfig"; path = "Target Support Files/Pods-InstagramUITests/Pods-InstagramUITests.release.xcconfig"; sourceTree = "<group>"; };
		E9CC7AE11C825C54C504ACAF /* Pods-InstagramTests.release.xcconfig */ = {isa = PBXFileReference; includeInIndex = 1; lastKnownFileType = text.xcconfig; name = "Pods-InstagramTests.release.xcconfig"; path = "Target Support Files/Pods-InstagramTests/Pods-InstagramTests.release.xcconfig"; sourceTree = "<group>"; };
		EC3A7C4A6079EE12384559B1 /* Pods-InstagramUITests.debug.xcconfig */ = {isa = PBXFileReference; includeInIndex = 1; lastKnownFileType = text.xcconfig; name = "Pods-InstagramUITests.debug.xcconfig"; path = "Target Support Files/Pods-InstagramUITests/Pods-InstagramUITests.debug.xcconfig"; sourceTree = "<group>"; };
/* End PBXFileReference section */

/* Begin PBXFrameworksBuildPhase section */
		1C92145E22D3FA77006EC594 /* Frameworks */ = {
			isa = PBXFrameworksBuildPhase;
			buildActionMask = 2147483647;
			files = (
				CC682C658F578DC121A5456D /* Pods_Instagram.framework in Frameworks */,
			);
			runOnlyForDeploymentPostprocessing = 0;
		};
		1C92147622D3FA78006EC594 /* Frameworks */ = {
			isa = PBXFrameworksBuildPhase;
			buildActionMask = 2147483647;
			files = (
				F6CA717D3603C43B72525C05 /* Pods_InstagramTests.framework in Frameworks */,
			);
			runOnlyForDeploymentPostprocessing = 0;
		};
		1C92148122D3FA78006EC594 /* Frameworks */ = {
			isa = PBXFrameworksBuildPhase;
			buildActionMask = 2147483647;
			files = (
				25FCF9C6AC2D8B4DBE89FE03 /* Pods_InstagramUITests.framework in Frameworks */,
			);
			runOnlyForDeploymentPostprocessing = 0;
		};
/* End PBXFrameworksBuildPhase section */

/* Begin PBXGroup section */
		1C92145822D3FA77006EC594 = {
			isa = PBXGroup;
			children = (
				1C9214B122D56331006EC594 /* Fonts */,
				1C92146322D3FA77006EC594 /* Instagram */,
				1C92147C22D3FA78006EC594 /* InstagramTests */,
				1C92148722D3FA78006EC594 /* InstagramUITests */,
				1C92146222D3FA77006EC594 /* Products */,
				355E608CC07BA85B42FE74C0 /* Pods */,
				5D46A5A72332973C84661EF2 /* Frameworks */,
			);
			sourceTree = "<group>";
		};
		1C92146222D3FA77006EC594 /* Products */ = {
			isa = PBXGroup;
			children = (
				1C92146122D3FA77006EC594 /* Instagram.app */,
				1C92147922D3FA78006EC594 /* InstagramTests.xctest */,
				1C92148422D3FA78006EC594 /* InstagramUITests.xctest */,
			);
			name = Products;
			sourceTree = "<group>";
		};
		1C92146322D3FA77006EC594 /* Instagram */ = {
			isa = PBXGroup;
			children = (
				1C9214B022D54DA6006EC594 /* Views */,
				1C9214A022D4127C006EC594 /* Models */,
				1C92149922D407B7006EC594 /* View Controllers */,
				1C92146422D3FA77006EC594 /* AppDelegate.h */,
				1C92146522D3FA77006EC594 /* AppDelegate.m */,
				1C92146A22D3FA77006EC594 /* Main.storyboard */,
				1C92146D22D3FA78006EC594 /* Assets.xcassets */,
				1C92146F22D3FA78006EC594 /* LaunchScreen.storyboard */,
				1C92147222D3FA78006EC594 /* Info.plist */,
				1C92147322D3FA78006EC594 /* main.m */,
			);
			path = Instagram;
			sourceTree = "<group>";
		};
		1C92147C22D3FA78006EC594 /* InstagramTests */ = {
			isa = PBXGroup;
			children = (
				1C92147D22D3FA78006EC594 /* InstagramTests.m */,
				1C92147F22D3FA78006EC594 /* Info.plist */,
			);
			path = InstagramTests;
			sourceTree = "<group>";
		};
		1C92148722D3FA78006EC594 /* InstagramUITests */ = {
			isa = PBXGroup;
			children = (
				1C92148822D3FA78006EC594 /* InstagramUITests.m */,
				1C92148A22D3FA78006EC594 /* Info.plist */,
			);
			path = InstagramUITests;
			sourceTree = "<group>";
		};
		1C92149922D407B7006EC594 /* View Controllers */ = {
			isa = PBXGroup;
			children = (
				1C92150522D7DE07006EC594 /* CommentViewController.h */,
				1C92150622D7DE07006EC594 /* CommentViewController.m */,
				1C92150222D6B4C8006EC594 /* EditViewController.h */,
				1C92150322D6B4C8006EC594 /* EditViewController.m */,
				1C9214F622D65DA4006EC594 /* ProfileViewController.h */,
				1C9214F722D65DA4006EC594 /* ProfileViewController.m */,
				1C9214AD22D54D97006EC594 /* DetailsViewController.h */,
				1C9214AE22D54D97006EC594 /* DetailsViewController.m */,
				1C9214A422D52508006EC594 /* CameraViewController.h */,
				1C9214A522D52508006EC594 /* CameraViewController.m */,
				1C9214A122D415B0006EC594 /* TimelineViewController.h */,
				1C9214A222D415B0006EC594 /* TimelineViewController.m */,
				1C92149A22D41202006EC594 /* SignUpViewController.h */,
				1C92149B22D41202006EC594 /* SignUpViewController.m */,
				1C92149622D407AB006EC594 /* LoginViewController.h */,
				1C92149722D407AB006EC594 /* LoginViewController.m */,
			);
			path = "View Controllers";
			sourceTree = "<group>";
		};
		1C9214A022D4127C006EC594 /* Models */ = {
			isa = PBXGroup;
			children = (
				1C9214A722D53B97006EC594 /* Post.h */,
				1C9214A822D53B97006EC594 /* Post.m */,
			);
			path = Models;
			sourceTree = "<group>";
		};
		1C9214B022D54DA6006EC594 /* Views */ = {
			isa = PBXGroup;
			children = (
				1C9214FC22D6A2E3006EC594 /* PostCollectionViewCell.h */,
				1C9214FD22D6A2E3006EC594 /* PostCollectionViewCell.m */,
				1C9214F922D677D9006EC594 /* InfiniteScrollActivityView.h */,
				1C9214FA22D677D9006EC594 /* InfiniteScrollActivityView.m */,
				1C9214AA22D54603006EC594 /* PostCell.h */,
				1C9214AB22D54603006EC594 /* PostCell.m */,
				1C92150822D7E21C006EC594 /* CommentCell.h */,
				1C92150922D7E21C006EC594 /* CommentCell.m */,
			);
			path = Views;
			sourceTree = "<group>";
		};
		1C9214B122D56331006EC594 /* Fonts */ = {
			isa = PBXGroup;
			children = (
				1C9214B322D5635D006EC594 /* Billabong.ttf */,
			);
			path = Fonts;
			sourceTree = "<group>";
		};
		355E608CC07BA85B42FE74C0 /* Pods */ = {
			isa = PBXGroup;
			children = (
				1737B73F0665428E14F1E2E4 /* Pods-Instagram.debug.xcconfig */,
				66C25F970E5F1492CD631839 /* Pods-Instagram.release.xcconfig */,
				D5AC1C53690E959EFACA0B27 /* Pods-InstagramTests.debug.xcconfig */,
				E9CC7AE11C825C54C504ACAF /* Pods-InstagramTests.release.xcconfig */,
				EC3A7C4A6079EE12384559B1 /* Pods-InstagramUITests.debug.xcconfig */,
				D86C8638AFA0E8144F6D2B83 /* Pods-InstagramUITests.release.xcconfig */,
			);
			path = Pods;
			sourceTree = "<group>";
		};
		5D46A5A72332973C84661EF2 /* Frameworks */ = {
			isa = PBXGroup;
			children = (
				225817611252D9D8005CD6EA /* Pods_Instagram.framework */,
				29259E13FD60EB3B79552962 /* Pods_InstagramTests.framework */,
				8A799D411BD1EC099120E341 /* Pods_InstagramUITests.framework */,
			);
			name = Frameworks;
			sourceTree = "<group>";
		};
/* End PBXGroup section */

/* Begin PBXNativeTarget section */
		1C92146022D3FA77006EC594 /* Instagram */ = {
			isa = PBXNativeTarget;
			buildConfigurationList = 1C92148D22D3FA78006EC594 /* Build configuration list for PBXNativeTarget "Instagram" */;
			buildPhases = (
				435EE4E1EAEF5B299CA1A75D /* [CP] Check Pods Manifest.lock */,
				1C92145D22D3FA77006EC594 /* Sources */,
				1C92145E22D3FA77006EC594 /* Frameworks */,
				1C92145F22D3FA77006EC594 /* Resources */,
				61B097A0D9CB770E84334FC6 /* [CP] Embed Pods Frameworks */,
			);
			buildRules = (
			);
			dependencies = (
			);
			name = Instagram;
			productName = Instagram;
			productReference = 1C92146122D3FA77006EC594 /* Instagram.app */;
			productType = "com.apple.product-type.application";
		};
		1C92147822D3FA78006EC594 /* InstagramTests */ = {
			isa = PBXNativeTarget;
			buildConfigurationList = 1C92149022D3FA78006EC594 /* Build configuration list for PBXNativeTarget "InstagramTests" */;
			buildPhases = (
				0E473B7677AF01DCF0E6532A /* [CP] Check Pods Manifest.lock */,
				1C92147522D3FA78006EC594 /* Sources */,
				1C92147622D3FA78006EC594 /* Frameworks */,
				1C92147722D3FA78006EC594 /* Resources */,
			);
			buildRules = (
			);
			dependencies = (
				1C92147B22D3FA78006EC594 /* PBXTargetDependency */,
			);
			name = InstagramTests;
			productName = InstagramTests;
			productReference = 1C92147922D3FA78006EC594 /* InstagramTests.xctest */;
			productType = "com.apple.product-type.bundle.unit-test";
		};
		1C92148322D3FA78006EC594 /* InstagramUITests */ = {
			isa = PBXNativeTarget;
			buildConfigurationList = 1C92149322D3FA78006EC594 /* Build configuration list for PBXNativeTarget "InstagramUITests" */;
			buildPhases = (
				3CD0A4CF6E54F24F130B000B /* [CP] Check Pods Manifest.lock */,
				1C92148022D3FA78006EC594 /* Sources */,
				1C92148122D3FA78006EC594 /* Frameworks */,
				1C92148222D3FA78006EC594 /* Resources */,
			);
			buildRules = (
			);
			dependencies = (
				1C92148622D3FA78006EC594 /* PBXTargetDependency */,
			);
			name = InstagramUITests;
			productName = InstagramUITests;
			productReference = 1C92148422D3FA78006EC594 /* InstagramUITests.xctest */;
			productType = "com.apple.product-type.bundle.ui-testing";
		};
/* End PBXNativeTarget section */

/* Begin PBXProject section */
		1C92145922D3FA77006EC594 /* Project object */ = {
			isa = PBXProject;
			attributes = {
				LastUpgradeCheck = 1020;
				ORGANIZATIONNAME = yujinkim;
				TargetAttributes = {
					1C92146022D3FA77006EC594 = {
						CreatedOnToolsVersion = 10.2.1;
					};
					1C92147822D3FA78006EC594 = {
						CreatedOnToolsVersion = 10.2.1;
						TestTargetID = 1C92146022D3FA77006EC594;
					};
					1C92148322D3FA78006EC594 = {
						CreatedOnToolsVersion = 10.2.1;
						TestTargetID = 1C92146022D3FA77006EC594;
					};
				};
			};
			buildConfigurationList = 1C92145C22D3FA77006EC594 /* Build configuration list for PBXProject "Instagram" */;
			compatibilityVersion = "Xcode 9.3";
			developmentRegion = en;
			hasScannedForEncodings = 0;
			knownRegions = (
				en,
				Base,
			);
			mainGroup = 1C92145822D3FA77006EC594;
			productRefGroup = 1C92146222D3FA77006EC594 /* Products */;
			projectDirPath = "";
			projectRoot = "";
			targets = (
				1C92146022D3FA77006EC594 /* Instagram */,
				1C92147822D3FA78006EC594 /* InstagramTests */,
				1C92148322D3FA78006EC594 /* InstagramUITests */,
			);
		};
/* End PBXProject section */

/* Begin PBXResourcesBuildPhase section */
		1C92145F22D3FA77006EC594 /* Resources */ = {
			isa = PBXResourcesBuildPhase;
			buildActionMask = 2147483647;
			files = (
				1C92147122D3FA78006EC594 /* LaunchScreen.storyboard in Resources */,
				1C92146E22D3FA78006EC594 /* Assets.xcassets in Resources */,
				1C92146C22D3FA77006EC594 /* Main.storyboard in Resources */,
				1C9214B422D5635D006EC594 /* Billabong.ttf in Resources */,
			);
			runOnlyForDeploymentPostprocessing = 0;
		};
		1C92147722D3FA78006EC594 /* Resources */ = {
			isa = PBXResourcesBuildPhase;
			buildActionMask = 2147483647;
			files = (
			);
			runOnlyForDeploymentPostprocessing = 0;
		};
		1C92148222D3FA78006EC594 /* Resources */ = {
			isa = PBXResourcesBuildPhase;
			buildActionMask = 2147483647;
			files = (
			);
			runOnlyForDeploymentPostprocessing = 0;
		};
/* End PBXResourcesBuildPhase section */

/* Begin PBXShellScriptBuildPhase section */
		0E473B7677AF01DCF0E6532A /* [CP] Check Pods Manifest.lock */ = {
			isa = PBXShellScriptBuildPhase;
			buildActionMask = 2147483647;
			files = (
			);
			inputFileListPaths = (
			);
			inputPaths = (
				"${PODS_PODFILE_DIR_PATH}/Podfile.lock",
				"${PODS_ROOT}/Manifest.lock",
			);
			name = "[CP] Check Pods Manifest.lock";
			outputFileListPaths = (
			);
			outputPaths = (
				"$(DERIVED_FILE_DIR)/Pods-InstagramTests-checkManifestLockResult.txt",
			);
			runOnlyForDeploymentPostprocessing = 0;
			shellPath = /bin/sh;
			shellScript = "diff \"${PODS_PODFILE_DIR_PATH}/Podfile.lock\" \"${PODS_ROOT}/Manifest.lock\" > /dev/null\nif [ $? != 0 ] ; then\n    # print error to STDERR\n    echo \"error: The sandbox is not in sync with the Podfile.lock. Run 'pod install' or update your CocoaPods installation.\" >&2\n    exit 1\nfi\n# This output is used by Xcode 'outputs' to avoid re-running this script phase.\necho \"SUCCESS\" > \"${SCRIPT_OUTPUT_FILE_0}\"\n";
			showEnvVarsInLog = 0;
		};
		3CD0A4CF6E54F24F130B000B /* [CP] Check Pods Manifest.lock */ = {
			isa = PBXShellScriptBuildPhase;
			buildActionMask = 2147483647;
			files = (
			);
			inputFileListPaths = (
			);
			inputPaths = (
				"${PODS_PODFILE_DIR_PATH}/Podfile.lock",
				"${PODS_ROOT}/Manifest.lock",
			);
			name = "[CP] Check Pods Manifest.lock";
			outputFileListPaths = (
			);
			outputPaths = (
				"$(DERIVED_FILE_DIR)/Pods-InstagramUITests-checkManifestLockResult.txt",
			);
			runOnlyForDeploymentPostprocessing = 0;
			shellPath = /bin/sh;
			shellScript = "diff \"${PODS_PODFILE_DIR_PATH}/Podfile.lock\" \"${PODS_ROOT}/Manifest.lock\" > /dev/null\nif [ $? != 0 ] ; then\n    # print error to STDERR\n    echo \"error: The sandbox is not in sync with the Podfile.lock. Run 'pod install' or update your CocoaPods installation.\" >&2\n    exit 1\nfi\n# This output is used by Xcode 'outputs' to avoid re-running this script phase.\necho \"SUCCESS\" > \"${SCRIPT_OUTPUT_FILE_0}\"\n";
			showEnvVarsInLog = 0;
		};
		435EE4E1EAEF5B299CA1A75D /* [CP] Check Pods Manifest.lock */ = {
			isa = PBXShellScriptBuildPhase;
			buildActionMask = 2147483647;
			files = (
			);
			inputFileListPaths = (
			);
			inputPaths = (
				"${PODS_PODFILE_DIR_PATH}/Podfile.lock",
				"${PODS_ROOT}/Manifest.lock",
			);
			name = "[CP] Check Pods Manifest.lock";
			outputFileListPaths = (
			);
			outputPaths = (
				"$(DERIVED_FILE_DIR)/Pods-Instagram-checkManifestLockResult.txt",
			);
			runOnlyForDeploymentPostprocessing = 0;
			shellPath = /bin/sh;
			shellScript = "diff \"${PODS_PODFILE_DIR_PATH}/Podfile.lock\" \"${PODS_ROOT}/Manifest.lock\" > /dev/null\nif [ $? != 0 ] ; then\n    # print error to STDERR\n    echo \"error: The sandbox is not in sync with the Podfile.lock. Run 'pod install' or update your CocoaPods installation.\" >&2\n    exit 1\nfi\n# This output is used by Xcode 'outputs' to avoid re-running this script phase.\necho \"SUCCESS\" > \"${SCRIPT_OUTPUT_FILE_0}\"\n";
			showEnvVarsInLog = 0;
		};
		61B097A0D9CB770E84334FC6 /* [CP] Embed Pods Frameworks */ = {
			isa = PBXShellScriptBuildPhase;
			buildActionMask = 2147483647;
			files = (
			);
			inputFileListPaths = (
				"${PODS_ROOT}/Target Support Files/Pods-Instagram/Pods-Instagram-frameworks-${CONFIGURATION}-input-files.xcfilelist",
			);
			name = "[CP] Embed Pods Frameworks";
			outputFileListPaths = (
				"${PODS_ROOT}/Target Support Files/Pods-Instagram/Pods-Instagram-frameworks-${CONFIGURATION}-output-files.xcfilelist",
			);
			runOnlyForDeploymentPostprocessing = 0;
			shellPath = /bin/sh;
			shellScript = "\"${PODS_ROOT}/Target Support Files/Pods-Instagram/Pods-Instagram-frameworks.sh\"\n";
			showEnvVarsInLog = 0;
		};
/* End PBXShellScriptBuildPhase section */

/* Begin PBXSourcesBuildPhase section */
		1C92145D22D3FA77006EC594 /* Sources */ = {
			isa = PBXSourcesBuildPhase;
			buildActionMask = 2147483647;
			files = (
				1C92149822D407AB006EC594 /* LoginViewController.m in Sources */,
				1C92149C22D41202006EC594 /* SignUpViewController.m in Sources */,
				1C92150722D7DE07006EC594 /* CommentViewController.m in Sources */,
				1C92147422D3FA78006EC594 /* main.m in Sources */,
				1C9214AC22D54603006EC594 /* PostCell.m in Sources */,
				1C9214F822D65DA4006EC594 /* ProfileViewController.m in Sources */,
				1C9214A622D52508006EC594 /* CameraViewController.m in Sources */,
				1C92146622D3FA77006EC594 /* AppDelegate.m in Sources */,
				1C9214AF22D54D97006EC594 /* DetailsViewController.m in Sources */,
				1C9214FE22D6A2E3006EC594 /* PostCollectionViewCell.m in Sources */,
				1C92150422D6B4C8006EC594 /* EditViewController.m in Sources */,
				1C9214FB22D677D9006EC594 /* InfiniteScrollActivityView.m in Sources */,
				1C9214A322D415B0006EC594 /* TimelineViewController.m in Sources */,
				1C92150A22D7E21C006EC594 /* CommentCell.m in Sources */,
				1C9214A922D53B97006EC594 /* Post.m in Sources */,
			);
			runOnlyForDeploymentPostprocessing = 0;
		};
		1C92147522D3FA78006EC594 /* Sources */ = {
			isa = PBXSourcesBuildPhase;
			buildActionMask = 2147483647;
			files = (
				1C92147E22D3FA78006EC594 /* InstagramTests.m in Sources */,
			);
			runOnlyForDeploymentPostprocessing = 0;
		};
		1C92148022D3FA78006EC594 /* Sources */ = {
			isa = PBXSourcesBuildPhase;
			buildActionMask = 2147483647;
			files = (
				1C92148922D3FA78006EC594 /* InstagramUITests.m in Sources */,
			);
			runOnlyForDeploymentPostprocessing = 0;
		};
/* End PBXSourcesBuildPhase section */

/* Begin PBXTargetDependency section */
		1C92147B22D3FA78006EC594 /* PBXTargetDependency */ = {
			isa = PBXTargetDependency;
			target = 1C92146022D3FA77006EC594 /* Instagram */;
			targetProxy = 1C92147A22D3FA78006EC594 /* PBXContainerItemProxy */;
		};
		1C92148622D3FA78006EC594 /* PBXTargetDependency */ = {
			isa = PBXTargetDependency;
			target = 1C92146022D3FA77006EC594 /* Instagram */;
			targetProxy = 1C92148522D3FA78006EC594 /* PBXContainerItemProxy */;
		};
/* End PBXTargetDependency section */

/* Begin PBXVariantGroup section */
		1C92146A22D3FA77006EC594 /* Main.storyboard */ = {
			isa = PBXVariantGroup;
			children = (
				1C92146B22D3FA77006EC594 /* Base */,
			);
			name = Main.storyboard;
			sourceTree = "<group>";
		};
		1C92146F22D3FA78006EC594 /* LaunchScreen.storyboard */ = {
			isa = PBXVariantGroup;
			children = (
				1C92147022D3FA78006EC594 /* Base */,
			);
			name = LaunchScreen.storyboard;
			sourceTree = "<group>";
		};
/* End PBXVariantGroup section */

/* Begin XCBuildConfiguration section */
		1C92148B22D3FA78006EC594 /* Debug */ = {
			isa = XCBuildConfiguration;
			buildSettings = {
				ALWAYS_SEARCH_USER_PATHS = NO;
				CLANG_ANALYZER_NONNULL = YES;
				CLANG_ANALYZER_NUMBER_OBJECT_CONVERSION = YES_AGGRESSIVE;
				CLANG_CXX_LANGUAGE_STANDARD = "gnu++14";
				CLANG_CXX_LIBRARY = "libc++";
				CLANG_ENABLE_MODULES = YES;
				CLANG_ENABLE_OBJC_ARC = YES;
				CLANG_ENABLE_OBJC_WEAK = YES;
				CLANG_WARN_BLOCK_CAPTURE_AUTORELEASING = YES;
				CLANG_WARN_BOOL_CONVERSION = YES;
				CLANG_WARN_COMMA = YES;
				CLANG_WARN_CONSTANT_CONVERSION = YES;
				CLANG_WARN_DEPRECATED_OBJC_IMPLEMENTATIONS = YES;
				CLANG_WARN_DIRECT_OBJC_ISA_USAGE = YES_ERROR;
				CLANG_WARN_DOCUMENTATION_COMMENTS = YES;
				CLANG_WARN_EMPTY_BODY = YES;
				CLANG_WARN_ENUM_CONVERSION = YES;
				CLANG_WARN_INFINITE_RECURSION = YES;
				CLANG_WARN_INT_CONVERSION = YES;
				CLANG_WARN_NON_LITERAL_NULL_CONVERSION = YES;
				CLANG_WARN_OBJC_IMPLICIT_RETAIN_SELF = YES;
				CLANG_WARN_OBJC_LITERAL_CONVERSION = YES;
				CLANG_WARN_OBJC_ROOT_CLASS = YES_ERROR;
				CLANG_WARN_RANGE_LOOP_ANALYSIS = YES;
				CLANG_WARN_STRICT_PROTOTYPES = YES;
				CLANG_WARN_SUSPICIOUS_MOVE = YES;
				CLANG_WARN_UNGUARDED_AVAILABILITY = YES_AGGRESSIVE;
				CLANG_WARN_UNREACHABLE_CODE = YES;
				CLANG_WARN__DUPLICATE_METHOD_MATCH = YES;
				CODE_SIGN_IDENTITY = "iPhone Developer";
				COPY_PHASE_STRIP = NO;
				DEBUG_INFORMATION_FORMAT = dwarf;
				ENABLE_STRICT_OBJC_MSGSEND = YES;
				ENABLE_TESTABILITY = YES;
				GCC_C_LANGUAGE_STANDARD = gnu11;
				GCC_DYNAMIC_NO_PIC = NO;
				GCC_NO_COMMON_BLOCKS = YES;
				GCC_OPTIMIZATION_LEVEL = 0;
				GCC_PREPROCESSOR_DEFINITIONS = (
					"DEBUG=1",
					"$(inherited)",
				);
				GCC_WARN_64_TO_32_BIT_CONVERSION = YES;
				GCC_WARN_ABOUT_RETURN_TYPE = YES_ERROR;
				GCC_WARN_UNDECLARED_SELECTOR = YES;
				GCC_WARN_UNINITIALIZED_AUTOS = YES_AGGRESSIVE;
				GCC_WARN_UNUSED_FUNCTION = YES;
				GCC_WARN_UNUSED_VARIABLE = YES;
				IPHONEOS_DEPLOYMENT_TARGET = 12.2;
				MTL_ENABLE_DEBUG_INFO = INCLUDE_SOURCE;
				MTL_FAST_MATH = YES;
				ONLY_ACTIVE_ARCH = YES;
				SDKROOT = iphoneos;
			};
			name = Debug;
		};
		1C92148C22D3FA78006EC594 /* Release */ = {
			isa = XCBuildConfiguration;
			buildSettings = {
				ALWAYS_SEARCH_USER_PATHS = NO;
				CLANG_ANALYZER_NONNULL = YES;
				CLANG_ANALYZER_NUMBER_OBJECT_CONVERSION = YES_AGGRESSIVE;
				CLANG_CXX_LANGUAGE_STANDARD = "gnu++14";
				CLANG_CXX_LIBRARY = "libc++";
				CLANG_ENABLE_MODULES = YES;
				CLANG_ENABLE_OBJC_ARC = YES;
				CLANG_ENABLE_OBJC_WEAK = YES;
				CLANG_WARN_BLOCK_CAPTURE_AUTORELEASING = YES;
				CLANG_WARN_BOOL_CONVERSION = YES;
				CLANG_WARN_COMMA = YES;
				CLANG_WARN_CONSTANT_CONVERSION = YES;
				CLANG_WARN_DEPRECATED_OBJC_IMPLEMENTATIONS = YES;
				CLANG_WARN_DIRECT_OBJC_ISA_USAGE = YES_ERROR;
				CLANG_WARN_DOCUMENTATION_COMMENTS = YES;
				CLANG_WARN_EMPTY_BODY = YES;
				CLANG_WARN_ENUM_CONVERSION = YES;
				CLANG_WARN_INFINITE_RECURSION = YES;
				CLANG_WARN_INT_CONVERSION = YES;
				CLANG_WARN_NON_LITERAL_NULL_CONVERSION = YES;
				CLANG_WARN_OBJC_IMPLICIT_RETAIN_SELF = YES;
				CLANG_WARN_OBJC_LITERAL_CONVERSION = YES;
				CLANG_WARN_OBJC_ROOT_CLASS = YES_ERROR;
				CLANG_WARN_RANGE_LOOP_ANALYSIS = YES;
				CLANG_WARN_STRICT_PROTOTYPES = YES;
				CLANG_WARN_SUSPICIOUS_MOVE = YES;
				CLANG_WARN_UNGUARDED_AVAILABILITY = YES_AGGRESSIVE;
				CLANG_WARN_UNREACHABLE_CODE = YES;
				CLANG_WARN__DUPLICATE_METHOD_MATCH = YES;
				CODE_SIGN_IDENTITY = "iPhone Developer";
				COPY_PHASE_STRIP = NO;
				DEBUG_INFORMATION_FORMAT = "dwarf-with-dsym";
				ENABLE_NS_ASSERTIONS = NO;
				ENABLE_STRICT_OBJC_MSGSEND = YES;
				GCC_C_LANGUAGE_STANDARD = gnu11;
				GCC_NO_COMMON_BLOCKS = YES;
				GCC_WARN_64_TO_32_BIT_CONVERSION = YES;
				GCC_WARN_ABOUT_RETURN_TYPE = YES_ERROR;
				GCC_WARN_UNDECLARED_SELECTOR = YES;
				GCC_WARN_UNINITIALIZED_AUTOS = YES_AGGRESSIVE;
				GCC_WARN_UNUSED_FUNCTION = YES;
				GCC_WARN_UNUSED_VARIABLE = YES;
				IPHONEOS_DEPLOYMENT_TARGET = 12.2;
				MTL_ENABLE_DEBUG_INFO = NO;
				MTL_FAST_MATH = YES;
				SDKROOT = iphoneos;
				VALIDATE_PRODUCT = YES;
			};
			name = Release;
		};
		1C92148E22D3FA78006EC594 /* Debug */ = {
			isa = XCBuildConfiguration;
			baseConfigurationReference = 1737B73F0665428E14F1E2E4 /* Pods-Instagram.debug.xcconfig */;
			buildSettings = {
				ASSETCATALOG_COMPILER_APPICON_NAME = AppIcon;
				CODE_SIGN_STYLE = Automatic;
				DEVELOPMENT_TEAM = CBRL749M5T;
				INFOPLIST_FILE = Instagram/Info.plist;
				LD_RUNPATH_SEARCH_PATHS = (
					"$(inherited)",
					"@executable_path/Frameworks",
				);
				PRODUCT_BUNDLE_IDENTIFIER = com.yujinkim.Instagram;
				PRODUCT_NAME = "$(TARGET_NAME)";
				TARGETED_DEVICE_FAMILY = "1,2";
			};
			name = Debug;
		};
		1C92148F22D3FA78006EC594 /* Release */ = {
			isa = XCBuildConfiguration;
			baseConfigurationReference = 66C25F970E5F1492CD631839 /* Pods-Instagram.release.xcconfig */;
			buildSettings = {
				ASSETCATALOG_COMPILER_APPICON_NAME = AppIcon;
				CODE_SIGN_STYLE = Automatic;
				DEVELOPMENT_TEAM = CBRL749M5T;
				INFOPLIST_FILE = Instagram/Info.plist;
				LD_RUNPATH_SEARCH_PATHS = (
					"$(inherited)",
					"@executable_path/Frameworks",
				);
				PRODUCT_BUNDLE_IDENTIFIER = com.yujinkim.Instagram;
				PRODUCT_NAME = "$(TARGET_NAME)";
				TARGETED_DEVICE_FAMILY = "1,2";
			};
			name = Release;
		};
		1C92149122D3FA78006EC594 /* Debug */ = {
			isa = XCBuildConfiguration;
			baseConfigurationReference = D5AC1C53690E959EFACA0B27 /* Pods-InstagramTests.debug.xcconfig */;
			buildSettings = {
				BUNDLE_LOADER = "$(TEST_HOST)";
				CODE_SIGN_STYLE = Automatic;
				DEVELOPMENT_TEAM = CBRL749M5T;
				INFOPLIST_FILE = InstagramTests/Info.plist;
				LD_RUNPATH_SEARCH_PATHS = (
					"$(inherited)",
					"@executable_path/Frameworks",
					"@loader_path/Frameworks",
				);
				PRODUCT_BUNDLE_IDENTIFIER = com.yujinkim.InstagramTests;
				PRODUCT_NAME = "$(TARGET_NAME)";
				TARGETED_DEVICE_FAMILY = "1,2";
				TEST_HOST = "$(BUILT_PRODUCTS_DIR)/Instagram.app/Instagram";
			};
			name = Debug;
		};
		1C92149222D3FA78006EC594 /* Release */ = {
			isa = XCBuildConfiguration;
			baseConfigurationReference = E9CC7AE11C825C54C504ACAF /* Pods-InstagramTests.release.xcconfig */;
			buildSettings = {
				BUNDLE_LOADER = "$(TEST_HOST)";
				CODE_SIGN_STYLE = Automatic;
				DEVELOPMENT_TEAM = CBRL749M5T;
				INFOPLIST_FILE = InstagramTests/Info.plist;
				LD_RUNPATH_SEARCH_PATHS = (
					"$(inherited)",
					"@executable_path/Frameworks",
					"@loader_path/Frameworks",
				);
				PRODUCT_BUNDLE_IDENTIFIER = com.yujinkim.InstagramTests;
				PRODUCT_NAME = "$(TARGET_NAME)";
				TARGETED_DEVICE_FAMILY = "1,2";
				TEST_HOST = "$(BUILT_PRODUCTS_DIR)/Instagram.app/Instagram";
			};
			name = Release;
		};
		1C92149422D3FA78006EC594 /* Debug */ = {
			isa = XCBuildConfiguration;
			baseConfigurationReference = EC3A7C4A6079EE12384559B1 /* Pods-InstagramUITests.debug.xcconfig */;
			buildSettings = {
				CODE_SIGN_STYLE = Automatic;
				DEVELOPMENT_TEAM = CBRL749M5T;
				INFOPLIST_FILE = InstagramUITests/Info.plist;
				LD_RUNPATH_SEARCH_PATHS = (
					"$(inherited)",
					"@executable_path/Frameworks",
					"@loader_path/Frameworks",
				);
				PRODUCT_BUNDLE_IDENTIFIER = com.yujinkim.InstagramUITests;
				PRODUCT_NAME = "$(TARGET_NAME)";
				TARGETED_DEVICE_FAMILY = "1,2";
				TEST_TARGET_NAME = Instagram;
			};
			name = Debug;
		};
		1C92149522D3FA78006EC594 /* Release */ = {
			isa = XCBuildConfiguration;
			baseConfigurationReference = D86C8638AFA0E8144F6D2B83 /* Pods-InstagramUITests.release.xcconfig */;
			buildSettings = {
				CODE_SIGN_STYLE = Automatic;
				DEVELOPMENT_TEAM = CBRL749M5T;
				INFOPLIST_FILE = InstagramUITests/Info.plist;
				LD_RUNPATH_SEARCH_PATHS = (
					"$(inherited)",
					"@executable_path/Frameworks",
					"@loader_path/Frameworks",
				);
				PRODUCT_BUNDLE_IDENTIFIER = com.yujinkim.InstagramUITests;
				PRODUCT_NAME = "$(TARGET_NAME)";
				TARGETED_DEVICE_FAMILY = "1,2";
				TEST_TARGET_NAME = Instagram;
			};
			name = Release;
		};
/* End XCBuildConfiguration section */

/* Begin XCConfigurationList section */
		1C92145C22D3FA77006EC594 /* Build configuration list for PBXProject "Instagram" */ = {
			isa = XCConfigurationList;
			buildConfigurations = (
				1C92148B22D3FA78006EC594 /* Debug */,
				1C92148C22D3FA78006EC594 /* Release */,
			);
			defaultConfigurationIsVisible = 0;
			defaultConfigurationName = Release;
		};
		1C92148D22D3FA78006EC594 /* Build configuration list for PBXNativeTarget "Instagram" */ = {
			isa = XCConfigurationList;
			buildConfigurations = (
				1C92148E22D3FA78006EC594 /* Debug */,
				1C92148F22D3FA78006EC594 /* Release */,
			);
			defaultConfigurationIsVisible = 0;
			defaultConfigurationName = Release;
		};
		1C92149022D3FA78006EC594 /* Build configuration list for PBXNativeTarget "InstagramTests" */ = {
			isa = XCConfigurationList;
			buildConfigurations = (
				1C92149122D3FA78006EC594 /* Debug */,
				1C92149222D3FA78006EC594 /* Release */,
			);
			defaultConfigurationIsVisible = 0;
			defaultConfigurationName = Release;
		};
		1C92149322D3FA78006EC594 /* Build configuration list for PBXNativeTarget "InstagramUITests" */ = {
			isa = XCConfigurationList;
			buildConfigurations = (
				1C92149422D3FA78006EC594 /* Debug */,
				1C92149522D3FA78006EC594 /* Release */,
			);
			defaultConfigurationIsVisible = 0;
			defaultConfigurationName = Release;
		};
/* End XCConfigurationList section */
	};
	rootObject = 1C92145922D3FA77006EC594 /* Project object */;
}
